{
  "name": "health-calc-console",
  "lockfileVersion": 3,
  "requires": true,
  "packages": {
    "": {
      "dependencies": {
        "health-calculator-js": "^2.2.0"
      }
    },
    "node_modules/health-calculator-js": {
      "version": "2.2.0",
      "resolved": "https://registry.npmjs.org/health-calculator-js/-/health-calculator-js-2.2.0.tgz",
      "integrity": "sha512-Whgg0LsrontfxS2qFPYwzzzriSpAtUOh2NUDYAd/tUNjXcOsB2hKalXA4pGhZ9/VpZb4mz7q73BSo/uUAW7zPQ=="
    }
  }
}
